
Microsoft Visual Studio Solution File, Format Version 12.00
# Visual Studio 14
VisualStudioVersion = 14.0.25123.0
MinimumVisualStudioVersion = 10.0.40219.1
Project("{2150E333-8FDC-42A3-9474-1A3956D46DE8}") = "Layer.Backend", "Layer.Backend", "{A779151D-4E02-49A9-9E97-ACCBB7B8CDEE}"
EndProject
Project("{2150E333-8FDC-42A3-9474-1A3956D46DE8}") = "Layer.TFD", "Layer.TFD", "{406CF64D-DD0D-4E3E-8AB7-24FF0717F31B}"
EndProject
Project("{FAE04EC0-301F-11D3-BF4B-00C04F79EFBC}") = "Layer.Backend.MathCalculation", "Layer.Backend.MathCalculation\Layer.Backend.MathCalculation.csproj", "{7CD3E702-003F-48EC-9624-C623F3980205}"
EndProject
Project("{FAE04EC0-301F-11D3-BF4B-00C04F79EFBC}") = "Layer.Backend.tdd", "Layer.Backend.tdd\Layer.Backend.tdd.csproj", "{90F29785-9B76-4720-ABFB-E6CC3F284AE9}"
EndProject
Global
	GlobalSection(SolutionConfigurationPlatforms) = preSolution
		Debug|Any CPU = Debug|Any CPU
		Release|Any CPU = Release|Any CPU
	EndGlobalSection
	GlobalSection(ProjectConfigurationPlatforms) = postSolution
		{7CD3E702-003F-48EC-9624-C623F3980205}.Debug|Any CPU.ActiveCfg = Debug|Any CPU
		{7CD3E702-003F-48EC-9624-C623F3980205}.Debug|Any CPU.Build.0 = Debug|Any CPU
		{7CD3E702-003F-48EC-9624-C623F3980205}.Release|Any CPU.ActiveCfg = Release|Any CPU
		{7CD3E702-003F-48EC-9624-C623F3980205}.Release|Any CPU.Build.0 = Release|Any CPU
		{90F29785-9B76-4720-ABFB-E6CC3F284AE9}.Debug|Any CPU.ActiveCfg = Debug|Any CPU
		{90F29785-9B76-4720-ABFB-E6CC3F284AE9}.Debug|Any CPU.Build.0 = Debug|Any CPU
		{90F29785-9B76-4720-ABFB-E6CC3F284AE9}.Release|Any CPU.ActiveCfg = Release|Any CPU
		{90F29785-9B76-4720-ABFB-E6CC3F284AE9}.Release|Any CPU.Build.0 = Release|Any CPU
	EndGlobalSection
	GlobalSection(SolutionProperties) = preSolution
		HideSolutionNode = FALSE
	EndGlobalSection
	GlobalSection(NestedProjects) = preSolution
		{7CD3E702-003F-48EC-9624-C623F3980205} = {A779151D-4E02-49A9-9E97-ACCBB7B8CDEE}
		{90F29785-9B76-4720-ABFB-E6CC3F284AE9} = {406CF64D-DD0D-4E3E-8AB7-24FF0717F31B}
	EndGlobalSection
EndGlobal
