
Microsoft Visual Studio Solution File, Format Version 12.00
# Visual Studio 14
VisualStudioVersion = 14.0.24720.0
MinimumVisualStudioVersion = 10.0.40219.1
Project("{2150E333-8FDC-42A3-9474-1A3956D46DE8}") = "layer.frontend", "layer.frontend", "{1E7DF867-8014-48E8-A764-6095C3441D09}"
EndProject
Project("{2150E333-8FDC-42A3-9474-1A3956D46DE8}") = "layer.backend", "layer.backend", "{6888AF38-139D-4243-920B-6DE4B9D2D66C}"
EndProject
Project("{FAE04EC0-301F-11D3-BF4B-00C04F79EFBC}") = "Backend", "Backend\Backend.csproj", "{B5350FD5-D638-48FD-B8AE-CC081805626D}"
EndProject
Project("{FAE04EC0-301F-11D3-BF4B-00C04F79EFBC}") = "frontend", "frontend\frontend.csproj", "{5880BD51-943E-44C9-B17F-138E9A74144E}"
EndProject
Global
	GlobalSection(SolutionConfigurationPlatforms) = preSolution
		Debug|Any CPU = Debug|Any CPU
		Release|Any CPU = Release|Any CPU
	EndGlobalSection
	GlobalSection(ProjectConfigurationPlatforms) = postSolution
		{B5350FD5-D638-48FD-B8AE-CC081805626D}.Debug|Any CPU.ActiveCfg = Debug|Any CPU
		{B5350FD5-D638-48FD-B8AE-CC081805626D}.Debug|Any CPU.Build.0 = Debug|Any CPU
		{B5350FD5-D638-48FD-B8AE-CC081805626D}.Release|Any CPU.ActiveCfg = Release|Any CPU
		{B5350FD5-D638-48FD-B8AE-CC081805626D}.Release|Any CPU.Build.0 = Release|Any CPU
		{5880BD51-943E-44C9-B17F-138E9A74144E}.Debug|Any CPU.ActiveCfg = Debug|Any CPU
		{5880BD51-943E-44C9-B17F-138E9A74144E}.Debug|Any CPU.Build.0 = Debug|Any CPU
		{5880BD51-943E-44C9-B17F-138E9A74144E}.Release|Any CPU.ActiveCfg = Release|Any CPU
		{5880BD51-943E-44C9-B17F-138E9A74144E}.Release|Any CPU.Build.0 = Release|Any CPU
	EndGlobalSection
	GlobalSection(SolutionProperties) = preSolution
		HideSolutionNode = FALSE
	EndGlobalSection
	GlobalSection(NestedProjects) = preSolution
		{B5350FD5-D638-48FD-B8AE-CC081805626D} = {6888AF38-139D-4243-920B-6DE4B9D2D66C}
		{5880BD51-943E-44C9-B17F-138E9A74144E} = {1E7DF867-8014-48E8-A764-6095C3441D09}
	EndGlobalSection
EndGlobal
