
Microsoft Visual Studio Solution File, Format Version 12.00
# Visual Studio 14
VisualStudioVersion = 14.0.25123.0
MinimumVisualStudioVersion = 10.0.40219.1
Project("{2150E333-8FDC-42A3-9474-1A3956D46DE8}") = "ev2.layer.frontend", "ev2.layer.frontend", "{3FA98349-0F89-4DBB-8A27-8CA40F5BBBF2}"
EndProject
Project("{2150E333-8FDC-42A3-9474-1A3956D46DE8}") = "ev2.layer.backend", "ev2.layer.backend", "{6029F9C5-F459-4D7E-AA48-6CDD48F16ED2}"
EndProject
Project("{FAE04EC0-301F-11D3-BF4B-00C04F79EFBC}") = "atr.app.layer.front.wpf", "atr.app.layer.front.wpf\atr.app.layer.front.wpf.csproj", "{F2C30868-E8BC-412A-9412-068DDF071889}"
EndProject
Project("{FAE04EC0-301F-11D3-BF4B-00C04F79EFBC}") = "atr.app.layer.backend.dto", "atr.app.layer.backend.dto\atr.app.layer.backend.dto.csproj", "{4E00AB54-B624-47B0-88FB-C6173CB814E3}"
EndProject
Project("{FAE04EC0-301F-11D3-BF4B-00C04F79EFBC}") = "atr.app.layer.backend.domain", "atr.app.layer.backend.domain\atr.app.layer.backend.domain.csproj", "{370C15B6-C18C-40DF-B7A7-FA0D1F2A8692}"
EndProject
Project("{FAE04EC0-301F-11D3-BF4B-00C04F79EFBC}") = "atr.app.layer.backend.repository", "atr.app.layer.backend.repository\atr.app.layer.backend.repository.csproj", "{B576443E-9E18-4A05-9BD1-70276AEF9786}"
EndProject
Project("{FAE04EC0-301F-11D3-BF4B-00C04F79EFBC}") = "atr.app.layer.backend.TDD", "atr.app.layer.backend.TDD\atr.app.layer.backend.TDD.csproj", "{F8177C57-9A3D-4602-804D-CC597AEF0AB7}"
EndProject
Global
	GlobalSection(SolutionConfigurationPlatforms) = preSolution
		Debug|Any CPU = Debug|Any CPU
		Release|Any CPU = Release|Any CPU
	EndGlobalSection
	GlobalSection(ProjectConfigurationPlatforms) = postSolution
		{F2C30868-E8BC-412A-9412-068DDF071889}.Debug|Any CPU.ActiveCfg = Debug|Any CPU
		{F2C30868-E8BC-412A-9412-068DDF071889}.Debug|Any CPU.Build.0 = Debug|Any CPU
		{F2C30868-E8BC-412A-9412-068DDF071889}.Release|Any CPU.ActiveCfg = Release|Any CPU
		{F2C30868-E8BC-412A-9412-068DDF071889}.Release|Any CPU.Build.0 = Release|Any CPU
		{4E00AB54-B624-47B0-88FB-C6173CB814E3}.Debug|Any CPU.ActiveCfg = Debug|Any CPU
		{4E00AB54-B624-47B0-88FB-C6173CB814E3}.Debug|Any CPU.Build.0 = Debug|Any CPU
		{4E00AB54-B624-47B0-88FB-C6173CB814E3}.Release|Any CPU.ActiveCfg = Release|Any CPU
		{4E00AB54-B624-47B0-88FB-C6173CB814E3}.Release|Any CPU.Build.0 = Release|Any CPU
		{370C15B6-C18C-40DF-B7A7-FA0D1F2A8692}.Debug|Any CPU.ActiveCfg = Debug|Any CPU
		{370C15B6-C18C-40DF-B7A7-FA0D1F2A8692}.Debug|Any CPU.Build.0 = Debug|Any CPU
		{370C15B6-C18C-40DF-B7A7-FA0D1F2A8692}.Release|Any CPU.ActiveCfg = Release|Any CPU
		{370C15B6-C18C-40DF-B7A7-FA0D1F2A8692}.Release|Any CPU.Build.0 = Release|Any CPU
		{B576443E-9E18-4A05-9BD1-70276AEF9786}.Debug|Any CPU.ActiveCfg = Debug|Any CPU
		{B576443E-9E18-4A05-9BD1-70276AEF9786}.Debug|Any CPU.Build.0 = Debug|Any CPU
		{B576443E-9E18-4A05-9BD1-70276AEF9786}.Release|Any CPU.ActiveCfg = Release|Any CPU
		{B576443E-9E18-4A05-9BD1-70276AEF9786}.Release|Any CPU.Build.0 = Release|Any CPU
		{F8177C57-9A3D-4602-804D-CC597AEF0AB7}.Debug|Any CPU.ActiveCfg = Debug|Any CPU
		{F8177C57-9A3D-4602-804D-CC597AEF0AB7}.Debug|Any CPU.Build.0 = Debug|Any CPU
		{F8177C57-9A3D-4602-804D-CC597AEF0AB7}.Release|Any CPU.ActiveCfg = Release|Any CPU
		{F8177C57-9A3D-4602-804D-CC597AEF0AB7}.Release|Any CPU.Build.0 = Release|Any CPU
	EndGlobalSection
	GlobalSection(SolutionProperties) = preSolution
		HideSolutionNode = FALSE
	EndGlobalSection
	GlobalSection(NestedProjects) = preSolution
		{F2C30868-E8BC-412A-9412-068DDF071889} = {3FA98349-0F89-4DBB-8A27-8CA40F5BBBF2}
		{4E00AB54-B624-47B0-88FB-C6173CB814E3} = {6029F9C5-F459-4D7E-AA48-6CDD48F16ED2}
		{370C15B6-C18C-40DF-B7A7-FA0D1F2A8692} = {6029F9C5-F459-4D7E-AA48-6CDD48F16ED2}
		{B576443E-9E18-4A05-9BD1-70276AEF9786} = {6029F9C5-F459-4D7E-AA48-6CDD48F16ED2}
		{F8177C57-9A3D-4602-804D-CC597AEF0AB7} = {6029F9C5-F459-4D7E-AA48-6CDD48F16ED2}
	EndGlobalSection
EndGlobal
