
Microsoft Visual Studio Solution File, Format Version 12.00
# Visual Studio 14
VisualStudioVersion = 14.0.24720.0
MinimumVisualStudioVersion = 10.0.40219.1
Project("{2150E333-8FDC-42A3-9474-1A3956D46DE8}") = "Layer.Backend", "Layer.Backend", "{73082435-D8B2-4C3D-9142-A0A50F11B855}"
EndProject
Project("{2150E333-8FDC-42A3-9474-1A3956D46DE8}") = "Layer.FrontEnd", "Layer.FrontEnd", "{8E3141C5-5EA8-4AA4-9A46-B65B877E7F0D}"
EndProject
Project("{FAE04EC0-301F-11D3-BF4B-00C04F79EFBC}") = "Backend", "Backend\Backend.csproj", "{01E2714D-7F88-46FA-A83E-B09F8DA87734}"
EndProject
Project("{FAE04EC0-301F-11D3-BF4B-00C04F79EFBC}") = "frontend", "frontend\frontend.csproj", "{F9A591AE-36B6-4546-B398-B5771BB3F8D7}"
EndProject
Global
	GlobalSection(SolutionConfigurationPlatforms) = preSolution
		Debug|Any CPU = Debug|Any CPU
		Release|Any CPU = Release|Any CPU
	EndGlobalSection
	GlobalSection(ProjectConfigurationPlatforms) = postSolution
		{01E2714D-7F88-46FA-A83E-B09F8DA87734}.Debug|Any CPU.ActiveCfg = Debug|Any CPU
		{01E2714D-7F88-46FA-A83E-B09F8DA87734}.Debug|Any CPU.Build.0 = Debug|Any CPU
		{01E2714D-7F88-46FA-A83E-B09F8DA87734}.Release|Any CPU.ActiveCfg = Release|Any CPU
		{01E2714D-7F88-46FA-A83E-B09F8DA87734}.Release|Any CPU.Build.0 = Release|Any CPU
		{F9A591AE-36B6-4546-B398-B5771BB3F8D7}.Debug|Any CPU.ActiveCfg = Debug|Any CPU
		{F9A591AE-36B6-4546-B398-B5771BB3F8D7}.Debug|Any CPU.Build.0 = Debug|Any CPU
		{F9A591AE-36B6-4546-B398-B5771BB3F8D7}.Release|Any CPU.ActiveCfg = Release|Any CPU
		{F9A591AE-36B6-4546-B398-B5771BB3F8D7}.Release|Any CPU.Build.0 = Release|Any CPU
	EndGlobalSection
	GlobalSection(SolutionProperties) = preSolution
		HideSolutionNode = FALSE
	EndGlobalSection
	GlobalSection(NestedProjects) = preSolution
		{01E2714D-7F88-46FA-A83E-B09F8DA87734} = {73082435-D8B2-4C3D-9142-A0A50F11B855}
		{F9A591AE-36B6-4546-B398-B5771BB3F8D7} = {8E3141C5-5EA8-4AA4-9A46-B65B877E7F0D}
	EndGlobalSection
EndGlobal
