
Microsoft Visual Studio Solution File, Format Version 12.00
# Visual Studio 14
VisualStudioVersion = 14.0.25123.0
MinimumVisualStudioVersion = 10.0.40219.1
Project("{FAE04EC0-301F-11D3-BF4B-00C04F79EFBC}") = "bairedDEV", "bairedDEV\bairedDEV.csproj", "{87310DF1-69F2-4C21-9FDE-01DABF756ECB}"
EndProject
Global
	GlobalSection(SolutionConfigurationPlatforms) = preSolution
		Debug|Any CPU = Debug|Any CPU
		Release|Any CPU = Release|Any CPU
	EndGlobalSection
	GlobalSection(ProjectConfigurationPlatforms) = postSolution
		{87310DF1-69F2-4C21-9FDE-01DABF756ECB}.Debug|Any CPU.ActiveCfg = Debug|Any CPU
		{87310DF1-69F2-4C21-9FDE-01DABF756ECB}.Debug|Any CPU.Build.0 = Debug|Any CPU
		{87310DF1-69F2-4C21-9FDE-01DABF756ECB}.Release|Any CPU.ActiveCfg = Release|Any CPU
		{87310DF1-69F2-4C21-9FDE-01DABF756ECB}.Release|Any CPU.Build.0 = Release|Any CPU
	EndGlobalSection
	GlobalSection(SolutionProperties) = preSolution
		HideSolutionNode = FALSE
	EndGlobalSection
EndGlobal
