
Microsoft Visual Studio Solution File, Format Version 12.00
# Visual Studio 14
VisualStudioVersion = 14.0.25123.0
MinimumVisualStudioVersion = 10.0.40219.1
Project("{2150E333-8FDC-42A3-9474-1A3956D46DE8}") = "Backend", "Backend", "{8F58ACDB-C29E-4A71-B84B-6D74B257E727}"
EndProject
Project("{2150E333-8FDC-42A3-9474-1A3956D46DE8}") = "Frontend", "Frontend", "{7E2C6A1F-93E0-4D20-A294-470DB413E4BA}"
EndProject
Project("{FAE04EC0-301F-11D3-BF4B-00C04F79EFBC}") = "Frontend", "Frontend\Frontend.csproj", "{A7B1BA8A-1196-4500-AED1-D3FEE57FB2AD}"
EndProject
Project("{FAE04EC0-301F-11D3-BF4B-00C04F79EFBC}") = "Backend", "Backend\Backend.csproj", "{3B6BE352-B825-487E-92D6-78857240DE09}"
EndProject
Project("{2150E333-8FDC-42A3-9474-1A3956D46DE8}") = "TDD", "TDD", "{85D5CFB9-285A-456B-961C-26A97585A89D}"
EndProject
Project("{FAE04EC0-301F-11D3-BF4B-00C04F79EFBC}") = "UnitTestProject1", "UnitTestProject1\UnitTestProject1.csproj", "{74A96FA3-95FA-473D-88DB-C6A24F656E68}"
EndProject
Global
	GlobalSection(SolutionConfigurationPlatforms) = preSolution
		Debug|Any CPU = Debug|Any CPU
		Release|Any CPU = Release|Any CPU
	EndGlobalSection
	GlobalSection(ProjectConfigurationPlatforms) = postSolution
		{A7B1BA8A-1196-4500-AED1-D3FEE57FB2AD}.Debug|Any CPU.ActiveCfg = Debug|Any CPU
		{A7B1BA8A-1196-4500-AED1-D3FEE57FB2AD}.Debug|Any CPU.Build.0 = Debug|Any CPU
		{A7B1BA8A-1196-4500-AED1-D3FEE57FB2AD}.Release|Any CPU.ActiveCfg = Release|Any CPU
		{A7B1BA8A-1196-4500-AED1-D3FEE57FB2AD}.Release|Any CPU.Build.0 = Release|Any CPU
		{3B6BE352-B825-487E-92D6-78857240DE09}.Debug|Any CPU.ActiveCfg = Debug|Any CPU
		{3B6BE352-B825-487E-92D6-78857240DE09}.Debug|Any CPU.Build.0 = Debug|Any CPU
		{3B6BE352-B825-487E-92D6-78857240DE09}.Release|Any CPU.ActiveCfg = Release|Any CPU
		{3B6BE352-B825-487E-92D6-78857240DE09}.Release|Any CPU.Build.0 = Release|Any CPU
		{74A96FA3-95FA-473D-88DB-C6A24F656E68}.Debug|Any CPU.ActiveCfg = Debug|Any CPU
		{74A96FA3-95FA-473D-88DB-C6A24F656E68}.Debug|Any CPU.Build.0 = Debug|Any CPU
		{74A96FA3-95FA-473D-88DB-C6A24F656E68}.Release|Any CPU.ActiveCfg = Release|Any CPU
		{74A96FA3-95FA-473D-88DB-C6A24F656E68}.Release|Any CPU.Build.0 = Release|Any CPU
	EndGlobalSection
	GlobalSection(SolutionProperties) = preSolution
		HideSolutionNode = FALSE
	EndGlobalSection
	GlobalSection(NestedProjects) = preSolution
		{A7B1BA8A-1196-4500-AED1-D3FEE57FB2AD} = {7E2C6A1F-93E0-4D20-A294-470DB413E4BA}
		{3B6BE352-B825-487E-92D6-78857240DE09} = {8F58ACDB-C29E-4A71-B84B-6D74B257E727}
		{85D5CFB9-285A-456B-961C-26A97585A89D} = {8F58ACDB-C29E-4A71-B84B-6D74B257E727}
		{74A96FA3-95FA-473D-88DB-C6A24F656E68} = {85D5CFB9-285A-456B-961C-26A97585A89D}
	EndGlobalSection
EndGlobal
