
Microsoft Visual Studio Solution File, Format Version 12.00
# Visual Studio 14
VisualStudioVersion = 14.0.24720.0
MinimumVisualStudioVersion = 10.0.40219.1
Project("{2150E333-8FDC-42A3-9474-1A3956D46DE8}") = "2.1", "2.1", "{E4B47D4B-4097-4A7A-BEF0-31654D30F060}"
EndProject
Project("{2150E333-8FDC-42A3-9474-1A3956D46DE8}") = "2.2", "2.2", "{20DDA178-F31D-4D80-906C-2070354CEE1F}"
EndProject
Project("{2150E333-8FDC-42A3-9474-1A3956D46DE8}") = "2.3", "2.3", "{9B8DA220-39A1-4AC4-8B1A-D5C54357BE51}"
EndProject
Project("{2150E333-8FDC-42A3-9474-1A3956D46DE8}") = "2.4", "2.4", "{0064A78C-FFED-4418-BC2F-18CB4F7B39B3}"
EndProject
Project("{FAE04EC0-301F-11D3-BF4B-00C04F79EFBC}") = "2.1.App.Front", "2.1.App.Front\2.1.App.Front.csproj", "{A89BA8B5-C33A-4AB2-B14C-EEC7614955C4}"
EndProject
Project("{FAE04EC0-301F-11D3-BF4B-00C04F79EFBC}") = "2.1.App.Back", "2.1.App.Back\2.1.App.Back.csproj", "{90BE0655-9B6F-4BA4-A3C2-CBF724BBE542}"
EndProject
Project("{FAE04EC0-301F-11D3-BF4B-00C04F79EFBC}") = "2.2.App.Front", "2.2.App.Front\2.2.App.Front.csproj", "{C35747EA-B173-4341-9DD8-AAA0AFEA7AEB}"
EndProject
Project("{FAE04EC0-301F-11D3-BF4B-00C04F79EFBC}") = "2.3.App.Front", "2.3.App.Front\2.3.App.Front.csproj", "{6CAD9075-C2A9-44BF-B34A-D716CCBA16EB}"
EndProject
Project("{FAE04EC0-301F-11D3-BF4B-00C04F79EFBC}") = "2.3.App.Back", "2.3.App.Back\2.3.App.Back.csproj", "{7AAB42DA-62B1-4A52-939D-5C70DCC9A42C}"
EndProject
Project("{FAE04EC0-301F-11D3-BF4B-00C04F79EFBC}") = "2.4.App.Front", "2.4.App.Front\2.4.App.Front.csproj", "{4D927812-46F7-44FB-A457-100208746B0D}"
EndProject
Project("{FAE04EC0-301F-11D3-BF4B-00C04F79EFBC}") = "2.4.App.Back", "2.4.App.Back\2.4.App.Back.csproj", "{5A1CF383-075A-4307-9EF0-A176FF43C38E}"
EndProject
Project("{2150E333-8FDC-42A3-9474-1A3956D46DE8}") = "TDD", "TDD", "{2F43F075-BFBB-4F25-BED9-A1AEBFE1E40B}"
EndProject
Project("{FAE04EC0-301F-11D3-BF4B-00C04F79EFBC}") = "TFD.Backend", "TFD.Backend\TFD.Backend.csproj", "{91B0F643-4352-4F9F-95DC-76725338F337}"
EndProject
Global
	GlobalSection(SolutionConfigurationPlatforms) = preSolution
		Debug|Any CPU = Debug|Any CPU
		Release|Any CPU = Release|Any CPU
	EndGlobalSection
	GlobalSection(ProjectConfigurationPlatforms) = postSolution
		{A89BA8B5-C33A-4AB2-B14C-EEC7614955C4}.Debug|Any CPU.ActiveCfg = Debug|Any CPU
		{A89BA8B5-C33A-4AB2-B14C-EEC7614955C4}.Debug|Any CPU.Build.0 = Debug|Any CPU
		{A89BA8B5-C33A-4AB2-B14C-EEC7614955C4}.Release|Any CPU.ActiveCfg = Release|Any CPU
		{A89BA8B5-C33A-4AB2-B14C-EEC7614955C4}.Release|Any CPU.Build.0 = Release|Any CPU
		{90BE0655-9B6F-4BA4-A3C2-CBF724BBE542}.Debug|Any CPU.ActiveCfg = Debug|Any CPU
		{90BE0655-9B6F-4BA4-A3C2-CBF724BBE542}.Debug|Any CPU.Build.0 = Debug|Any CPU
		{90BE0655-9B6F-4BA4-A3C2-CBF724BBE542}.Release|Any CPU.ActiveCfg = Release|Any CPU
		{90BE0655-9B6F-4BA4-A3C2-CBF724BBE542}.Release|Any CPU.Build.0 = Release|Any CPU
		{C35747EA-B173-4341-9DD8-AAA0AFEA7AEB}.Debug|Any CPU.ActiveCfg = Debug|Any CPU
		{C35747EA-B173-4341-9DD8-AAA0AFEA7AEB}.Debug|Any CPU.Build.0 = Debug|Any CPU
		{C35747EA-B173-4341-9DD8-AAA0AFEA7AEB}.Release|Any CPU.ActiveCfg = Release|Any CPU
		{C35747EA-B173-4341-9DD8-AAA0AFEA7AEB}.Release|Any CPU.Build.0 = Release|Any CPU
		{6CAD9075-C2A9-44BF-B34A-D716CCBA16EB}.Debug|Any CPU.ActiveCfg = Debug|Any CPU
		{6CAD9075-C2A9-44BF-B34A-D716CCBA16EB}.Debug|Any CPU.Build.0 = Debug|Any CPU
		{6CAD9075-C2A9-44BF-B34A-D716CCBA16EB}.Release|Any CPU.ActiveCfg = Release|Any CPU
		{6CAD9075-C2A9-44BF-B34A-D716CCBA16EB}.Release|Any CPU.Build.0 = Release|Any CPU
		{7AAB42DA-62B1-4A52-939D-5C70DCC9A42C}.Debug|Any CPU.ActiveCfg = Debug|Any CPU
		{7AAB42DA-62B1-4A52-939D-5C70DCC9A42C}.Debug|Any CPU.Build.0 = Debug|Any CPU
		{7AAB42DA-62B1-4A52-939D-5C70DCC9A42C}.Release|Any CPU.ActiveCfg = Release|Any CPU
		{7AAB42DA-62B1-4A52-939D-5C70DCC9A42C}.Release|Any CPU.Build.0 = Release|Any CPU
		{4D927812-46F7-44FB-A457-100208746B0D}.Debug|Any CPU.ActiveCfg = Debug|Any CPU
		{4D927812-46F7-44FB-A457-100208746B0D}.Debug|Any CPU.Build.0 = Debug|Any CPU
		{4D927812-46F7-44FB-A457-100208746B0D}.Release|Any CPU.ActiveCfg = Release|Any CPU
		{4D927812-46F7-44FB-A457-100208746B0D}.Release|Any CPU.Build.0 = Release|Any CPU
		{5A1CF383-075A-4307-9EF0-A176FF43C38E}.Debug|Any CPU.ActiveCfg = Debug|Any CPU
		{5A1CF383-075A-4307-9EF0-A176FF43C38E}.Debug|Any CPU.Build.0 = Debug|Any CPU
		{5A1CF383-075A-4307-9EF0-A176FF43C38E}.Release|Any CPU.ActiveCfg = Release|Any CPU
		{5A1CF383-075A-4307-9EF0-A176FF43C38E}.Release|Any CPU.Build.0 = Release|Any CPU
		{91B0F643-4352-4F9F-95DC-76725338F337}.Debug|Any CPU.ActiveCfg = Debug|Any CPU
		{91B0F643-4352-4F9F-95DC-76725338F337}.Debug|Any CPU.Build.0 = Debug|Any CPU
		{91B0F643-4352-4F9F-95DC-76725338F337}.Release|Any CPU.ActiveCfg = Release|Any CPU
		{91B0F643-4352-4F9F-95DC-76725338F337}.Release|Any CPU.Build.0 = Release|Any CPU
	EndGlobalSection
	GlobalSection(SolutionProperties) = preSolution
		HideSolutionNode = FALSE
	EndGlobalSection
	GlobalSection(NestedProjects) = preSolution
		{A89BA8B5-C33A-4AB2-B14C-EEC7614955C4} = {E4B47D4B-4097-4A7A-BEF0-31654D30F060}
		{90BE0655-9B6F-4BA4-A3C2-CBF724BBE542} = {E4B47D4B-4097-4A7A-BEF0-31654D30F060}
		{C35747EA-B173-4341-9DD8-AAA0AFEA7AEB} = {20DDA178-F31D-4D80-906C-2070354CEE1F}
		{6CAD9075-C2A9-44BF-B34A-D716CCBA16EB} = {9B8DA220-39A1-4AC4-8B1A-D5C54357BE51}
		{7AAB42DA-62B1-4A52-939D-5C70DCC9A42C} = {9B8DA220-39A1-4AC4-8B1A-D5C54357BE51}
		{4D927812-46F7-44FB-A457-100208746B0D} = {0064A78C-FFED-4418-BC2F-18CB4F7B39B3}
		{5A1CF383-075A-4307-9EF0-A176FF43C38E} = {0064A78C-FFED-4418-BC2F-18CB4F7B39B3}
		{91B0F643-4352-4F9F-95DC-76725338F337} = {2F43F075-BFBB-4F25-BED9-A1AEBFE1E40B}
	EndGlobalSection
EndGlobal
