
Microsoft Visual Studio Solution File, Format Version 12.00
# Visual Studio 14
VisualStudioVersion = 14.0.24720.0
MinimumVisualStudioVersion = 10.0.40219.1
Project("{2150E333-8FDC-42A3-9474-1A3956D46DE8}") = "layer.frontend", "layer.frontend", "{7732200D-13E4-4252-A06F-F15BAFFA0843}"
EndProject
Project("{2150E333-8FDC-42A3-9474-1A3956D46DE8}") = "layer.backend", "layer.backend", "{DE6A1C3A-418F-44C6-979E-90FDD7BDD9C8}"
EndProject
Project("{FAE04EC0-301F-11D3-BF4B-00C04F79EFBC}") = "frontend", "frontend\frontend.csproj", "{AF69164F-D89B-4307-986B-CA1E0E5E2F5C}"
EndProject
Project("{FAE04EC0-301F-11D3-BF4B-00C04F79EFBC}") = "blackend", "blackend\blackend.csproj", "{D737C32A-B9C4-4FE7-982B-098BF5572EE2}"
EndProject
Global
	GlobalSection(SolutionConfigurationPlatforms) = preSolution
		Debug|Any CPU = Debug|Any CPU
		Release|Any CPU = Release|Any CPU
	EndGlobalSection
	GlobalSection(ProjectConfigurationPlatforms) = postSolution
		{AF69164F-D89B-4307-986B-CA1E0E5E2F5C}.Debug|Any CPU.ActiveCfg = Debug|Any CPU
		{AF69164F-D89B-4307-986B-CA1E0E5E2F5C}.Debug|Any CPU.Build.0 = Debug|Any CPU
		{AF69164F-D89B-4307-986B-CA1E0E5E2F5C}.Release|Any CPU.ActiveCfg = Release|Any CPU
		{AF69164F-D89B-4307-986B-CA1E0E5E2F5C}.Release|Any CPU.Build.0 = Release|Any CPU
		{D737C32A-B9C4-4FE7-982B-098BF5572EE2}.Debug|Any CPU.ActiveCfg = Debug|Any CPU
		{D737C32A-B9C4-4FE7-982B-098BF5572EE2}.Debug|Any CPU.Build.0 = Debug|Any CPU
		{D737C32A-B9C4-4FE7-982B-098BF5572EE2}.Release|Any CPU.ActiveCfg = Release|Any CPU
		{D737C32A-B9C4-4FE7-982B-098BF5572EE2}.Release|Any CPU.Build.0 = Release|Any CPU
	EndGlobalSection
	GlobalSection(SolutionProperties) = preSolution
		HideSolutionNode = FALSE
	EndGlobalSection
	GlobalSection(NestedProjects) = preSolution
		{AF69164F-D89B-4307-986B-CA1E0E5E2F5C} = {7732200D-13E4-4252-A06F-F15BAFFA0843}
		{D737C32A-B9C4-4FE7-982B-098BF5572EE2} = {DE6A1C3A-418F-44C6-979E-90FDD7BDD9C8}
	EndGlobalSection
EndGlobal
