
Microsoft Visual Studio Solution File, Format Version 12.00
# Visual Studio 14
VisualStudioVersion = 14.0.25123.0
MinimumVisualStudioVersion = 10.0.40219.1
Project("{2150E333-8FDC-42A3-9474-1A3956D46DE8}") = "frontend", "frontend", "{37BB16AC-B323-49A2-87E4-60EE861834CF}"
EndProject
Project("{FAE04EC0-301F-11D3-BF4B-00C04F79EFBC}") = "layer.frontend.wfp", "layer.frontend.wfp\layer.frontend.wfp.csproj", "{E0BD165B-01AF-440C-AC33-EA4CA6A3F4DC}"
EndProject
Project("{2150E333-8FDC-42A3-9474-1A3956D46DE8}") = "Backend", "Backend", "{E2CF6874-D44D-4907-9A69-7E9249C0A3F2}"
EndProject
Project("{2150E333-8FDC-42A3-9474-1A3956D46DE8}") = "TDD", "TDD", "{993157E7-6E6B-4457-AB9F-72D4E8010C69}"
EndProject
Project("{FAE04EC0-301F-11D3-BF4B-00C04F79EFBC}") = "layer.backend.fakeRepository", "layer.backend.fakeRepository\layer.backend.fakeRepository.csproj", "{EC898B12-AE0D-4462-913D-C911ADFF85E8}"
EndProject
Project("{FAE04EC0-301F-11D3-BF4B-00C04F79EFBC}") = "layer.tdd.backend", "layer.tdd.backend\layer.tdd.backend.csproj", "{1251B234-1775-473C-BCF8-9EB8BBD8329B}"
EndProject
Global
	GlobalSection(SolutionConfigurationPlatforms) = preSolution
		Debug|Any CPU = Debug|Any CPU
		Release|Any CPU = Release|Any CPU
	EndGlobalSection
	GlobalSection(ProjectConfigurationPlatforms) = postSolution
		{E0BD165B-01AF-440C-AC33-EA4CA6A3F4DC}.Debug|Any CPU.ActiveCfg = Debug|Any CPU
		{E0BD165B-01AF-440C-AC33-EA4CA6A3F4DC}.Debug|Any CPU.Build.0 = Debug|Any CPU
		{E0BD165B-01AF-440C-AC33-EA4CA6A3F4DC}.Release|Any CPU.ActiveCfg = Release|Any CPU
		{E0BD165B-01AF-440C-AC33-EA4CA6A3F4DC}.Release|Any CPU.Build.0 = Release|Any CPU
		{EC898B12-AE0D-4462-913D-C911ADFF85E8}.Debug|Any CPU.ActiveCfg = Debug|Any CPU
		{EC898B12-AE0D-4462-913D-C911ADFF85E8}.Debug|Any CPU.Build.0 = Debug|Any CPU
		{EC898B12-AE0D-4462-913D-C911ADFF85E8}.Release|Any CPU.ActiveCfg = Release|Any CPU
		{EC898B12-AE0D-4462-913D-C911ADFF85E8}.Release|Any CPU.Build.0 = Release|Any CPU
		{1251B234-1775-473C-BCF8-9EB8BBD8329B}.Debug|Any CPU.ActiveCfg = Debug|Any CPU
		{1251B234-1775-473C-BCF8-9EB8BBD8329B}.Debug|Any CPU.Build.0 = Debug|Any CPU
		{1251B234-1775-473C-BCF8-9EB8BBD8329B}.Release|Any CPU.ActiveCfg = Release|Any CPU
		{1251B234-1775-473C-BCF8-9EB8BBD8329B}.Release|Any CPU.Build.0 = Release|Any CPU
	EndGlobalSection
	GlobalSection(SolutionProperties) = preSolution
		HideSolutionNode = FALSE
	EndGlobalSection
	GlobalSection(NestedProjects) = preSolution
		{E0BD165B-01AF-440C-AC33-EA4CA6A3F4DC} = {37BB16AC-B323-49A2-87E4-60EE861834CF}
		{EC898B12-AE0D-4462-913D-C911ADFF85E8} = {E2CF6874-D44D-4907-9A69-7E9249C0A3F2}
		{1251B234-1775-473C-BCF8-9EB8BBD8329B} = {993157E7-6E6B-4457-AB9F-72D4E8010C69}
	EndGlobalSection
EndGlobal
