
Microsoft Visual Studio Solution File, Format Version 12.00
# Visual Studio 14
VisualStudioVersion = 14.0.24720.0
MinimumVisualStudioVersion = 10.0.40219.1
Project("{2150E333-8FDC-42A3-9474-1A3956D46DE8}") = "Layer.Backend", "Layer.Backend", "{1A94B059-989B-48FB-A24A-FE9F23AF9712}"
EndProject
Project("{2150E333-8FDC-42A3-9474-1A3956D46DE8}") = "Layer.TFD", "Layer.TFD", "{362A4A6B-6A62-4DA7-A33D-76FAB55BD932}"
EndProject
Project("{FAE04EC0-301F-11D3-BF4B-00C04F79EFBC}") = "Layer.Backend.TDD", "Layer.Backend.TDD\Layer.Backend.TDD.csproj", "{AA65F302-8715-4B0B-A4C5-041F68190305}"
EndProject
Project("{FAE04EC0-301F-11D3-BF4B-00C04F79EFBC}") = "Layer.Backend.MathCalculation", "Layer.Backend.MathCalculation\Layer.Backend.MathCalculation.csproj", "{7CD3E702-003F-48EC-9624-C623F3980205}"
EndProject
Global
	GlobalSection(SolutionConfigurationPlatforms) = preSolution
		Debug|Any CPU = Debug|Any CPU
		Release|Any CPU = Release|Any CPU
	EndGlobalSection
	GlobalSection(ProjectConfigurationPlatforms) = postSolution
		{AA65F302-8715-4B0B-A4C5-041F68190305}.Debug|Any CPU.ActiveCfg = Debug|Any CPU
		{AA65F302-8715-4B0B-A4C5-041F68190305}.Debug|Any CPU.Build.0 = Debug|Any CPU
		{AA65F302-8715-4B0B-A4C5-041F68190305}.Release|Any CPU.ActiveCfg = Release|Any CPU
		{AA65F302-8715-4B0B-A4C5-041F68190305}.Release|Any CPU.Build.0 = Release|Any CPU
		{7CD3E702-003F-48EC-9624-C623F3980205}.Debug|Any CPU.ActiveCfg = Debug|Any CPU
		{7CD3E702-003F-48EC-9624-C623F3980205}.Debug|Any CPU.Build.0 = Debug|Any CPU
		{7CD3E702-003F-48EC-9624-C623F3980205}.Release|Any CPU.ActiveCfg = Release|Any CPU
		{7CD3E702-003F-48EC-9624-C623F3980205}.Release|Any CPU.Build.0 = Release|Any CPU
	EndGlobalSection
	GlobalSection(SolutionProperties) = preSolution
		HideSolutionNode = FALSE
	EndGlobalSection
	GlobalSection(NestedProjects) = preSolution
		{AA65F302-8715-4B0B-A4C5-041F68190305} = {362A4A6B-6A62-4DA7-A33D-76FAB55BD932}
		{7CD3E702-003F-48EC-9624-C623F3980205} = {1A94B059-989B-48FB-A24A-FE9F23AF9712}
	EndGlobalSection
EndGlobal
