
Microsoft Visual Studio Solution File, Format Version 12.00
# Visual Studio 14
VisualStudioVersion = 14.0.25123.0
MinimumVisualStudioVersion = 10.0.40219.1
Project("{2150E333-8FDC-42A3-9474-1A3956D46DE8}") = "Ejercicio1", "Ejercicio1", "{97F1B4FF-B259-4308-9A49-0E0F68E44D1E}"
EndProject
Project("{FAE04EC0-301F-11D3-BF4B-00C04F79EFBC}") = "atr.app.layer.backend", "atr.app.layer.backend\atr.app.layer.backend.csproj", "{4FC5AA9B-F333-4B3B-B6E1-E759E1DB283D}"
EndProject
Project("{FAE04EC0-301F-11D3-BF4B-00C04F79EFBC}") = "atr.app.layer.tfd", "atr.app.layer.tfd\atr.app.layer.tfd.csproj", "{6B35FC83-6EC7-4D60-BC53-2D045598FF09}"
EndProject
Global
	GlobalSection(SolutionConfigurationPlatforms) = preSolution
		Debug|Any CPU = Debug|Any CPU
		Release|Any CPU = Release|Any CPU
	EndGlobalSection
	GlobalSection(ProjectConfigurationPlatforms) = postSolution
		{4FC5AA9B-F333-4B3B-B6E1-E759E1DB283D}.Debug|Any CPU.ActiveCfg = Debug|Any CPU
		{4FC5AA9B-F333-4B3B-B6E1-E759E1DB283D}.Debug|Any CPU.Build.0 = Debug|Any CPU
		{4FC5AA9B-F333-4B3B-B6E1-E759E1DB283D}.Release|Any CPU.ActiveCfg = Release|Any CPU
		{4FC5AA9B-F333-4B3B-B6E1-E759E1DB283D}.Release|Any CPU.Build.0 = Release|Any CPU
		{6B35FC83-6EC7-4D60-BC53-2D045598FF09}.Debug|Any CPU.ActiveCfg = Debug|Any CPU
		{6B35FC83-6EC7-4D60-BC53-2D045598FF09}.Debug|Any CPU.Build.0 = Debug|Any CPU
		{6B35FC83-6EC7-4D60-BC53-2D045598FF09}.Release|Any CPU.ActiveCfg = Release|Any CPU
		{6B35FC83-6EC7-4D60-BC53-2D045598FF09}.Release|Any CPU.Build.0 = Release|Any CPU
	EndGlobalSection
	GlobalSection(SolutionProperties) = preSolution
		HideSolutionNode = FALSE
	EndGlobalSection
	GlobalSection(NestedProjects) = preSolution
		{4FC5AA9B-F333-4B3B-B6E1-E759E1DB283D} = {97F1B4FF-B259-4308-9A49-0E0F68E44D1E}
		{6B35FC83-6EC7-4D60-BC53-2D045598FF09} = {97F1B4FF-B259-4308-9A49-0E0F68E44D1E}
	EndGlobalSection
EndGlobal
