
Microsoft Visual Studio Solution File, Format Version 12.00
# Visual Studio 14
VisualStudioVersion = 14.0.24720.0
MinimumVisualStudioVersion = 10.0.40219.1
Project("{2150E333-8FDC-42A3-9474-1A3956D46DE8}") = "Layer.Front", "Layer.Front", "{672F5463-F414-487B-8879-D084B7F01A76}"
EndProject
Project("{2150E333-8FDC-42A3-9474-1A3956D46DE8}") = "Layer.Backend", "Layer.Backend", "{B21DE4CC-A42D-4B06-850F-DEE81B50DF33}"
EndProject
Project("{FAE04EC0-301F-11D3-BF4B-00C04F79EFBC}") = "ConsoleTaller2", "ConsoleTaller2\ConsoleTaller2.csproj", "{6F48D219-A979-488D-B923-1968617985BB}"
EndProject
Project("{FAE04EC0-301F-11D3-BF4B-00C04F79EFBC}") = "Backend", "Backend\Backend.csproj", "{256FCDE3-DF8F-4189-AEA3-BA0F2684658F}"
EndProject
Global
	GlobalSection(SolutionConfigurationPlatforms) = preSolution
		Debug|Any CPU = Debug|Any CPU
		Release|Any CPU = Release|Any CPU
	EndGlobalSection
	GlobalSection(ProjectConfigurationPlatforms) = postSolution
		{6F48D219-A979-488D-B923-1968617985BB}.Debug|Any CPU.ActiveCfg = Debug|Any CPU
		{6F48D219-A979-488D-B923-1968617985BB}.Debug|Any CPU.Build.0 = Debug|Any CPU
		{6F48D219-A979-488D-B923-1968617985BB}.Release|Any CPU.ActiveCfg = Release|Any CPU
		{6F48D219-A979-488D-B923-1968617985BB}.Release|Any CPU.Build.0 = Release|Any CPU
		{256FCDE3-DF8F-4189-AEA3-BA0F2684658F}.Debug|Any CPU.ActiveCfg = Debug|Any CPU
		{256FCDE3-DF8F-4189-AEA3-BA0F2684658F}.Debug|Any CPU.Build.0 = Debug|Any CPU
		{256FCDE3-DF8F-4189-AEA3-BA0F2684658F}.Release|Any CPU.ActiveCfg = Release|Any CPU
		{256FCDE3-DF8F-4189-AEA3-BA0F2684658F}.Release|Any CPU.Build.0 = Release|Any CPU
	EndGlobalSection
	GlobalSection(SolutionProperties) = preSolution
		HideSolutionNode = FALSE
	EndGlobalSection
	GlobalSection(NestedProjects) = preSolution
		{6F48D219-A979-488D-B923-1968617985BB} = {672F5463-F414-487B-8879-D084B7F01A76}
		{256FCDE3-DF8F-4189-AEA3-BA0F2684658F} = {B21DE4CC-A42D-4B06-850F-DEE81B50DF33}
	EndGlobalSection
EndGlobal
