
Microsoft Visual Studio Solution File, Format Version 12.00
# Visual Studio 14
VisualStudioVersion = 14.0.24720.0
MinimumVisualStudioVersion = 10.0.40219.1
Project("{2150E333-8FDC-42A3-9474-1A3956D46DE8}") = "Layer.TFD", "Layer.TFD", "{A9B67476-D386-4ED3-8084-A175B61769AA}"
EndProject
Project("{FAE04EC0-301F-11D3-BF4B-00C04F79EFBC}") = "TDD.Backend.MathCalculation", "TDD.Backend.MathCalculation\TDD.Backend.MathCalculation.csproj", "{0010EF60-BE75-4B02-882D-02449B418AE0}"
EndProject
Project("{2150E333-8FDC-42A3-9474-1A3956D46DE8}") = "Layer.Backend", "Layer.Backend", "{49EDE14F-D527-469B-8F97-5FF9DA357C15}"
EndProject
Project("{FAE04EC0-301F-11D3-BF4B-00C04F79EFBC}") = "Layer.Backend.MathCalculation", "Layer.Backend.MathCalculation\Layer.Backend.MathCalculation.csproj", "{2EB5D969-E355-4061-8DEA-5FE605E6FC7C}"
EndProject
Global
	GlobalSection(SolutionConfigurationPlatforms) = preSolution
		Debug|Any CPU = Debug|Any CPU
		Release|Any CPU = Release|Any CPU
	EndGlobalSection
	GlobalSection(ProjectConfigurationPlatforms) = postSolution
		{0010EF60-BE75-4B02-882D-02449B418AE0}.Debug|Any CPU.ActiveCfg = Debug|Any CPU
		{0010EF60-BE75-4B02-882D-02449B418AE0}.Debug|Any CPU.Build.0 = Debug|Any CPU
		{0010EF60-BE75-4B02-882D-02449B418AE0}.Release|Any CPU.ActiveCfg = Release|Any CPU
		{0010EF60-BE75-4B02-882D-02449B418AE0}.Release|Any CPU.Build.0 = Release|Any CPU
		{2EB5D969-E355-4061-8DEA-5FE605E6FC7C}.Debug|Any CPU.ActiveCfg = Debug|Any CPU
		{2EB5D969-E355-4061-8DEA-5FE605E6FC7C}.Debug|Any CPU.Build.0 = Debug|Any CPU
		{2EB5D969-E355-4061-8DEA-5FE605E6FC7C}.Release|Any CPU.ActiveCfg = Release|Any CPU
		{2EB5D969-E355-4061-8DEA-5FE605E6FC7C}.Release|Any CPU.Build.0 = Release|Any CPU
	EndGlobalSection
	GlobalSection(SolutionProperties) = preSolution
		HideSolutionNode = FALSE
	EndGlobalSection
	GlobalSection(NestedProjects) = preSolution
		{0010EF60-BE75-4B02-882D-02449B418AE0} = {A9B67476-D386-4ED3-8084-A175B61769AA}
		{2EB5D969-E355-4061-8DEA-5FE605E6FC7C} = {49EDE14F-D527-469B-8F97-5FF9DA357C15}
	EndGlobalSection
EndGlobal
